
Microsoft Visual Studio Solution File, Format Version 12.00
# Visual Studio Version 17
VisualStudioVersion = 17.8.34511.84
MinimumVisualStudioVersion = 10.0.40219.1
Project("{FAE04EC0-301F-11D3-BF4B-00C04F79EFBC}") = "HastaneOtomasyonu", "HastaneOtomasyonu\HastaneOtomasyonu.csproj", "{639B97DD-3620-41E9-9349-FC067F9E0293}"
EndProject
Global
	GlobalSection(SolutionConfigurationPlatforms) = preSolution
		Debug|Any CPU = Debug|Any CPU
		Release|Any CPU = Release|Any CPU
	EndGlobalSection
	GlobalSection(ProjectConfigurationPlatforms) = postSolution
		{639B97DD-3620-41E9-9349-FC067F9E0293}.Debug|Any CPU.ActiveCfg = Debug|Any CPU
		{639B97DD-3620-41E9-9349-FC067F9E0293}.Debug|Any CPU.Build.0 = Debug|Any CPU
		{639B97DD-3620-41E9-9349-FC067F9E0293}.Release|Any CPU.ActiveCfg = Release|Any CPU
		{639B97DD-3620-41E9-9349-FC067F9E0293}.Release|Any CPU.Build.0 = Release|Any CPU
	EndGlobalSection
	GlobalSection(SolutionProperties) = preSolution
		HideSolutionNode = FALSE
	EndGlobalSection
	GlobalSection(ExtensibilityGlobals) = postSolution
		SolutionGuid = {352C9198-B16C-4E48-9040-BA31621B40C7}
	EndGlobalSection
EndGlobal
